
Microsoft Visual Studio Solution File, Format Version 12.00
# Visual Studio Version 16
VisualStudioVersion = 16.0.31005.135
MinimumVisualStudioVersion = 10.0.40219.1
Project("{FAE04EC0-301F-11D3-BF4B-00C04F79EFBC}") = "FLMS.UI", "FLMS.UI\FLMS.UI.csproj", "{111C9831-04CC-4613-8866-F77473C33332}"
EndProject
Project("{FAE04EC0-301F-11D3-BF4B-00C04F79EFBC}") = "FLMS.DAL", "FLMS.DAL\FLMS.DAL.csproj", "{595E5DC5-FB98-4329-BF0A-0EE969063FFE}"
EndProject
Project("{FAE04EC0-301F-11D3-BF4B-00C04F79EFBC}") = "FLMS.BAL", "FLMS.BAL\FLMS.BAL.csproj", "{20228F04-112A-4860-99DA-6F91A5FD50F9}"
EndProject
Global
	GlobalSection(SolutionConfigurationPlatforms) = preSolution
		Debug|Any CPU = Debug|Any CPU
		Release|Any CPU = Release|Any CPU
	EndGlobalSection
	GlobalSection(ProjectConfigurationPlatforms) = postSolution
		{111C9831-04CC-4613-8866-F77473C33332}.Debug|Any CPU.ActiveCfg = Debug|Any CPU
		{111C9831-04CC-4613-8866-F77473C33332}.Debug|Any CPU.Build.0 = Debug|Any CPU
		{111C9831-04CC-4613-8866-F77473C33332}.Release|Any CPU.ActiveCfg = Release|Any CPU
		{111C9831-04CC-4613-8866-F77473C33332}.Release|Any CPU.Build.0 = Release|Any CPU
		{595E5DC5-FB98-4329-BF0A-0EE969063FFE}.Debug|Any CPU.ActiveCfg = Debug|Any CPU
		{595E5DC5-FB98-4329-BF0A-0EE969063FFE}.Debug|Any CPU.Build.0 = Debug|Any CPU
		{595E5DC5-FB98-4329-BF0A-0EE969063FFE}.Release|Any CPU.ActiveCfg = Release|Any CPU
		{595E5DC5-FB98-4329-BF0A-0EE969063FFE}.Release|Any CPU.Build.0 = Release|Any CPU
		{20228F04-112A-4860-99DA-6F91A5FD50F9}.Debug|Any CPU.ActiveCfg = Debug|Any CPU
		{20228F04-112A-4860-99DA-6F91A5FD50F9}.Debug|Any CPU.Build.0 = Debug|Any CPU
		{20228F04-112A-4860-99DA-6F91A5FD50F9}.Release|Any CPU.ActiveCfg = Release|Any CPU
		{20228F04-112A-4860-99DA-6F91A5FD50F9}.Release|Any CPU.Build.0 = Release|Any CPU
	EndGlobalSection
	GlobalSection(SolutionProperties) = preSolution
		HideSolutionNode = FALSE
	EndGlobalSection
	GlobalSection(ExtensibilityGlobals) = postSolution
		SolutionGuid = {7AE353D6-E65F-4C79-9164-AC264BF08D9A}
	EndGlobalSection
EndGlobal
